
Microsoft Visual Studio Solution File, Format Version 12.00
# Visual Studio Version 17
VisualStudioVersion = 17.13.35919.96 d17.13
MinimumVisualStudioVersion = 10.0.40219.1
Project("{FAE04EC0-301F-11D3-BF4B-00C04F79EFBC}") = "ExtractTextGoogleAi", "ExtractTextGoogleAi\ExtractTextGoogleAi.csproj", "{CFF91E1B-721E-4669-B499-449998E473BB}"
EndProject
Global
	GlobalSection(SolutionConfigurationPlatforms) = preSolution
		Debug|Any CPU = Debug|Any CPU
		Release|Any CPU = Release|Any CPU
	EndGlobalSection
	GlobalSection(ProjectConfigurationPlatforms) = postSolution
		{CFF91E1B-721E-4669-B499-449998E473BB}.Debug|Any CPU.ActiveCfg = Debug|Any CPU
		{CFF91E1B-721E-4669-B499-449998E473BB}.Debug|Any CPU.Build.0 = Debug|Any CPU
		{CFF91E1B-721E-4669-B499-449998E473BB}.Release|Any CPU.ActiveCfg = Release|Any CPU
		{CFF91E1B-721E-4669-B499-449998E473BB}.Release|Any CPU.Build.0 = Release|Any CPU
	EndGlobalSection
	GlobalSection(SolutionProperties) = preSolution
		HideSolutionNode = FALSE
	EndGlobalSection
	GlobalSection(ExtensibilityGlobals) = postSolution
		SolutionGuid = {BB9D2BF4-9D94-4E2E-B54D-A172E6C8D2FD}
	EndGlobalSection
EndGlobal
